Microsoft Visual Studio Solution File, Format Version 12.00
Project("{FAE04EC0-301F-11D3-BF4B-00C04F79EFBC}") = "Gateway", "Gateway\Gateway.csproj", "{A050D0A7-13A2-452B-9328-1BFBBDCC9C43}"
EndProject
Project("{2150E333-8FDC-42A3-9474-1A3956D46DE8}") = "EventBus", "EventBus", "{E04DCBD9-7CBB-4E45-9E3D-AE8AF68D59CE}"
EndProject
Project("{FAE04EC0-301F-11D3-BF4B-00C04F79EFBC}") = "EventBus.Base", "EventBus\EventBus.Base\EventBus.Base.csproj", "{B4538D76-7C0C-4858-BFDE-08953E4E9C36}"
EndProject
Project("{FAE04EC0-301F-11D3-BF4B-00C04F79EFBC}") = "EventBus.Factory", "EventBus\EventBus.Factory\EventBus.Factory.csproj", "{02DEEEFF-ECF0-4336-94A0-9A14A6EB29E7}"
EndProject
Project("{FAE04EC0-301F-11D3-BF4B-00C04F79EFBC}") = "EventBus.AzureServiceBus", "EventBus\EventBus.AzureServiceBus\EventBus.AzureServiceBus.csproj", "{29E6A8AC-BF24-4FDD-8941-4AC0EE7E21B6}"
EndProject
Project("{FAE04EC0-301F-11D3-BF4B-00C04F79EFBC}") = "EventBus.RabbitMQ", "EventBus\EventBus.RabbitMQ\EventBus.RabbitMQ.csproj", "{02F7C533-F774-42D3-BB46-5E41879D3722}"
EndProject
Project("{FAE04EC0-301F-11D3-BF4B-00C04F79EFBC}") = "Client", "Client\Client.csproj", "{8D99E8D8-C9A3-4A15-A484-0A9B10AF9E37}"
EndProject
Project("{2150E333-8FDC-42A3-9474-1A3956D46DE8}") = "Service", "Service", "{CABD83C5-0469-4F6E-91E1-D5A89AFBDD7C}"
EndProject
Project("{FAE04EC0-301F-11D3-BF4B-00C04F79EFBC}") = "Service.Cart", "Service\Service.Cart\Service.Cart.csproj", "{A043DE36-D660-46EE-BA4C-7B628323D656}"
EndProject
Project("{FAE04EC0-301F-11D3-BF4B-00C04F79EFBC}") = "Service.Catalog", "Service\Service.Catalog\Service.Catalog.csproj", "{51182233-8F1B-4199-B25B-C9CA59639DA3}"
EndProject
Project("{FAE04EC0-301F-11D3-BF4B-00C04F79EFBC}") = "Service.Identity", "Service\Service.Identity\Service.Identity.csproj", "{87028C4F-0252-4136-BE59-BB26B9638199}"
EndProject
Project("{FAE04EC0-301F-11D3-BF4B-00C04F79EFBC}") = "Service.Notification", "Service\Service.Notification\Service.Notification.csproj", "{2367D465-A83B-467E-AFE5-CA3F70BFDD49}"
EndProject
Project("{FAE04EC0-301F-11D3-BF4B-00C04F79EFBC}") = "Service.Order", "Service\Service.Order\Service.Order.csproj", "{2AAC564E-ECED-4AD5-9E8F-2896B2DD7CC9}"
EndProject
Project("{FAE04EC0-301F-11D3-BF4B-00C04F79EFBC}") = "Service.Payment", "Service\Service.Payment\Service.Payment.csproj", "{B09AEB17-633B-450C-8C00-A3A09C926154}"
EndProject
Global
	GlobalSection(SolutionConfigurationPlatforms) = preSolution
		Debug|Any CPU = Debug|Any CPU
		Release|Any CPU = Release|Any CPU
	EndGlobalSection
	GlobalSection(ProjectConfigurationPlatforms) = postSolution
		{A050D0A7-13A2-452B-9328-1BFBBDCC9C43}.Debug|Any CPU.ActiveCfg = Debug|Any CPU
		{A050D0A7-13A2-452B-9328-1BFBBDCC9C43}.Debug|Any CPU.Build.0 = Debug|Any CPU
		{A050D0A7-13A2-452B-9328-1BFBBDCC9C43}.Release|Any CPU.ActiveCfg = Release|Any CPU
		{A050D0A7-13A2-452B-9328-1BFBBDCC9C43}.Release|Any CPU.Build.0 = Release|Any CPU
		{B4538D76-7C0C-4858-BFDE-08953E4E9C36}.Debug|Any CPU.ActiveCfg = Debug|Any CPU
		{B4538D76-7C0C-4858-BFDE-08953E4E9C36}.Debug|Any CPU.Build.0 = Debug|Any CPU
		{B4538D76-7C0C-4858-BFDE-08953E4E9C36}.Release|Any CPU.ActiveCfg = Release|Any CPU
		{B4538D76-7C0C-4858-BFDE-08953E4E9C36}.Release|Any CPU.Build.0 = Release|Any CPU
		{02DEEEFF-ECF0-4336-94A0-9A14A6EB29E7}.Debug|Any CPU.ActiveCfg = Debug|Any CPU
		{02DEEEFF-ECF0-4336-94A0-9A14A6EB29E7}.Debug|Any CPU.Build.0 = Debug|Any CPU
		{02DEEEFF-ECF0-4336-94A0-9A14A6EB29E7}.Release|Any CPU.ActiveCfg = Release|Any CPU
		{02DEEEFF-ECF0-4336-94A0-9A14A6EB29E7}.Release|Any CPU.Build.0 = Release|Any CPU
		{29E6A8AC-BF24-4FDD-8941-4AC0EE7E21B6}.Debug|Any CPU.ActiveCfg = Debug|Any CPU
		{29E6A8AC-BF24-4FDD-8941-4AC0EE7E21B6}.Debug|Any CPU.Build.0 = Debug|Any CPU
		{29E6A8AC-BF24-4FDD-8941-4AC0EE7E21B6}.Release|Any CPU.ActiveCfg = Release|Any CPU
		{29E6A8AC-BF24-4FDD-8941-4AC0EE7E21B6}.Release|Any CPU.Build.0 = Release|Any CPU
		{02F7C533-F774-42D3-BB46-5E41879D3722}.Debug|Any CPU.ActiveCfg = Debug|Any CPU
		{02F7C533-F774-42D3-BB46-5E41879D3722}.Debug|Any CPU.Build.0 = Debug|Any CPU
		{02F7C533-F774-42D3-BB46-5E41879D3722}.Release|Any CPU.ActiveCfg = Release|Any CPU
		{02F7C533-F774-42D3-BB46-5E41879D3722}.Release|Any CPU.Build.0 = Release|Any CPU
		{8D99E8D8-C9A3-4A15-A484-0A9B10AF9E37}.Debug|Any CPU.ActiveCfg = Debug|Any CPU
		{8D99E8D8-C9A3-4A15-A484-0A9B10AF9E37}.Debug|Any CPU.Build.0 = Debug|Any CPU
		{8D99E8D8-C9A3-4A15-A484-0A9B10AF9E37}.Release|Any CPU.ActiveCfg = Release|Any CPU
		{8D99E8D8-C9A3-4A15-A484-0A9B10AF9E37}.Release|Any CPU.Build.0 = Release|Any CPU
		{A043DE36-D660-46EE-BA4C-7B628323D656}.Debug|Any CPU.ActiveCfg = Debug|Any CPU
		{A043DE36-D660-46EE-BA4C-7B628323D656}.Debug|Any CPU.Build.0 = Debug|Any CPU
		{A043DE36-D660-46EE-BA4C-7B628323D656}.Release|Any CPU.ActiveCfg = Release|Any CPU
		{A043DE36-D660-46EE-BA4C-7B628323D656}.Release|Any CPU.Build.0 = Release|Any CPU
		{51182233-8F1B-4199-B25B-C9CA59639DA3}.Debug|Any CPU.ActiveCfg = Debug|Any CPU
		{51182233-8F1B-4199-B25B-C9CA59639DA3}.Debug|Any CPU.Build.0 = Debug|Any CPU
		{51182233-8F1B-4199-B25B-C9CA59639DA3}.Release|Any CPU.ActiveCfg = Release|Any CPU
		{51182233-8F1B-4199-B25B-C9CA59639DA3}.Release|Any CPU.Build.0 = Release|Any CPU
		{87028C4F-0252-4136-BE59-BB26B9638199}.Debug|Any CPU.ActiveCfg = Debug|Any CPU
		{87028C4F-0252-4136-BE59-BB26B9638199}.Debug|Any CPU.Build.0 = Debug|Any CPU
		{87028C4F-0252-4136-BE59-BB26B9638199}.Release|Any CPU.ActiveCfg = Release|Any CPU
		{87028C4F-0252-4136-BE59-BB26B9638199}.Release|Any CPU.Build.0 = Release|Any CPU
		{2367D465-A83B-467E-AFE5-CA3F70BFDD49}.Debug|Any CPU.ActiveCfg = Debug|Any CPU
		{2367D465-A83B-467E-AFE5-CA3F70BFDD49}.Debug|Any CPU.Build.0 = Debug|Any CPU
		{2367D465-A83B-467E-AFE5-CA3F70BFDD49}.Release|Any CPU.ActiveCfg = Release|Any CPU
		{2367D465-A83B-467E-AFE5-CA3F70BFDD49}.Release|Any CPU.Build.0 = Release|Any CPU
		{2AAC564E-ECED-4AD5-9E8F-2896B2DD7CC9}.Debug|Any CPU.ActiveCfg = Debug|Any CPU
		{2AAC564E-ECED-4AD5-9E8F-2896B2DD7CC9}.Debug|Any CPU.Build.0 = Debug|Any CPU
		{2AAC564E-ECED-4AD5-9E8F-2896B2DD7CC9}.Release|Any CPU.ActiveCfg = Release|Any CPU
		{2AAC564E-ECED-4AD5-9E8F-2896B2DD7CC9}.Release|Any CPU.Build.0 = Release|Any CPU
		{B09AEB17-633B-450C-8C00-A3A09C926154}.Debug|Any CPU.ActiveCfg = Debug|Any CPU
		{B09AEB17-633B-450C-8C00-A3A09C926154}.Debug|Any CPU.Build.0 = Debug|Any CPU
		{B09AEB17-633B-450C-8C00-A3A09C926154}.Release|Any CPU.ActiveCfg = Release|Any CPU
		{B09AEB17-633B-450C-8C00-A3A09C926154}.Release|Any CPU.Build.0 = Release|Any CPU
	EndGlobalSection
	GlobalSection(NestedProjects) = preSolution
		{B4538D76-7C0C-4858-BFDE-08953E4E9C36} = {E04DCBD9-7CBB-4E45-9E3D-AE8AF68D59CE}
		{02DEEEFF-ECF0-4336-94A0-9A14A6EB29E7} = {E04DCBD9-7CBB-4E45-9E3D-AE8AF68D59CE}
		{29E6A8AC-BF24-4FDD-8941-4AC0EE7E21B6} = {E04DCBD9-7CBB-4E45-9E3D-AE8AF68D59CE}
		{02F7C533-F774-42D3-BB46-5E41879D3722} = {E04DCBD9-7CBB-4E45-9E3D-AE8AF68D59CE}
		
		{A043DE36-D660-46EE-BA4C-7B628323D656} = {CABD83C5-0469-4F6E-91E1-D5A89AFBDD7C}
		{51182233-8F1B-4199-B25B-C9CA59639DA3} = {CABD83C5-0469-4F6E-91E1-D5A89AFBDD7C}
		{87028C4F-0252-4136-BE59-BB26B9638199} = {CABD83C5-0469-4F6E-91E1-D5A89AFBDD7C}
		{2367D465-A83B-467E-AFE5-CA3F70BFDD49} = {CABD83C5-0469-4F6E-91E1-D5A89AFBDD7C}
		{2AAC564E-ECED-4AD5-9E8F-2896B2DD7CC9} = {CABD83C5-0469-4F6E-91E1-D5A89AFBDD7C}
		{B09AEB17-633B-450C-8C00-A3A09C926154} = {CABD83C5-0469-4F6E-91E1-D5A89AFBDD7C}
	EndGlobalSection
EndGlobal
