
Microsoft Visual Studio Solution File, Format Version 12.00
Project("{FAE04EC0-301F-11D3-BF4B-00C04F79EFBC}") = "Gateway", "Gateway\Gateway.csproj", "{A050D0A7-13A2-452B-9328-1BFBBDCC9C43}"
EndProject
Project("{2150E333-8FDC-42A3-9474-1A3956D46DE8}") = "EventBus", "EventBus", "{E04DCBD9-7CBB-4E45-9E3D-AE8AF68D59CE}"
EndProject
Project("{FAE04EC0-301F-11D3-BF4B-00C04F79EFBC}") = "EventBus.Base", "EventBus\EventBus.Base\EventBus.Base.csproj", "{B4538D76-7C0C-4858-BFDE-08953E4E9C36}"
EndProject
Project("{FAE04EC0-301F-11D3-BF4B-00C04F79EFBC}") = "EventBus.Factory", "EventBus\EventBus.Factory\EventBus.Factory.csproj", "{02DEEEFF-ECF0-4336-94A0-9A14A6EB29E7}"
EndProject
Project("{FAE04EC0-301F-11D3-BF4B-00C04F79EFBC}") = "EventBus.AzureServiceBus", "EventBus\EventBus.AzureServiceBus\EventBus.AzureServiceBus.csproj", "{29E6A8AC-BF24-4FDD-8941-4AC0EE7E21B6}"
EndProject
Project("{FAE04EC0-301F-11D3-BF4B-00C04F79EFBC}") = "EventBus.RabbitMQ", "EventBus\EventBus.RabbitMQ\EventBus.RabbitMQ.csproj", "{02F7C533-F774-42D3-BB46-5E41879D3722}"
EndProject
Project("{FAE04EC0-301F-11D3-BF4B-00C04F79EFBC}") = "Client", "Client\Client.csproj", "{8D99E8D8-C9A3-4A15-A484-0A9B10AF9E37}"
EndProject
Project("{2150E333-8FDC-42A3-9474-1A3956D46DE8}") = "Service", "Service", "{4C467E3D-0A11-4662-8A53-71D62B3E5643}"
EndProject
Project("{FAE04EC0-301F-11D3-BF4B-00C04F79EFBC}") = "Service.Cart", "Service.Cart\Service.Cart.csproj", "{747BABBC-437B-4BDF-AF1A-CFE264811AA1}"
EndProject
Project("{FAE04EC0-301F-11D3-BF4B-00C04F79EFBC}") = "Service.Catalog", "Service.Catalog\Service.Catalog.csproj", "{4E211C4F-05FE-4227-9466-9591D3C4BD99}"
EndProject
Project("{FAE04EC0-301F-11D3-BF4B-00C04F79EFBC}") = "Service.Identity", "Service.Identity\Service.Identity.csproj", "{944F218C-4160-4E5A-AECE-629257BA6A47}"
EndProject
Project("{FAE04EC0-301F-11D3-BF4B-00C04F79EFBC}") = "Service.Notification", "Service.Notification\Service.Notification.csproj", "{C3DA3D30-5CFE-4269-B5DC-5DC4172FBE2D}"
EndProject
Project("{FAE04EC0-301F-11D3-BF4B-00C04F79EFBC}") = "Service.Order", "Service.Order\Service.Order.csproj", "{9881284F-E4CB-4A43-87B5-A4923160165A}"
EndProject
Project("{FAE04EC0-301F-11D3-BF4B-00C04F79EFBC}") = "Service.Payment", "Service.Payment\Service.Payment.csproj", "{C40A5669-3D1E-49A3-8AE1-6066E29FA765}"
EndProject
Global
	GlobalSection(SolutionConfigurationPlatforms) = preSolution
		Debug|Any CPU = Debug|Any CPU
		Release|Any CPU = Release|Any CPU
	EndGlobalSection
	GlobalSection(ProjectConfigurationPlatforms) = postSolution
		{A050D0A7-13A2-452B-9328-1BFBBDCC9C43}.Debug|Any CPU.ActiveCfg = Debug|Any CPU
		{A050D0A7-13A2-452B-9328-1BFBBDCC9C43}.Debug|Any CPU.Build.0 = Debug|Any CPU
		{A050D0A7-13A2-452B-9328-1BFBBDCC9C43}.Release|Any CPU.ActiveCfg = Release|Any CPU
		{A050D0A7-13A2-452B-9328-1BFBBDCC9C43}.Release|Any CPU.Build.0 = Release|Any CPU
		{B4538D76-7C0C-4858-BFDE-08953E4E9C36}.Debug|Any CPU.ActiveCfg = Debug|Any CPU
		{B4538D76-7C0C-4858-BFDE-08953E4E9C36}.Debug|Any CPU.Build.0 = Debug|Any CPU
		{B4538D76-7C0C-4858-BFDE-08953E4E9C36}.Release|Any CPU.ActiveCfg = Release|Any CPU
		{B4538D76-7C0C-4858-BFDE-08953E4E9C36}.Release|Any CPU.Build.0 = Release|Any CPU
		{02DEEEFF-ECF0-4336-94A0-9A14A6EB29E7}.Debug|Any CPU.ActiveCfg = Debug|Any CPU
		{02DEEEFF-ECF0-4336-94A0-9A14A6EB29E7}.Debug|Any CPU.Build.0 = Debug|Any CPU
		{02DEEEFF-ECF0-4336-94A0-9A14A6EB29E7}.Release|Any CPU.ActiveCfg = Release|Any CPU
		{02DEEEFF-ECF0-4336-94A0-9A14A6EB29E7}.Release|Any CPU.Build.0 = Release|Any CPU
		{29E6A8AC-BF24-4FDD-8941-4AC0EE7E21B6}.Debug|Any CPU.ActiveCfg = Debug|Any CPU
		{29E6A8AC-BF24-4FDD-8941-4AC0EE7E21B6}.Debug|Any CPU.Build.0 = Debug|Any CPU
		{29E6A8AC-BF24-4FDD-8941-4AC0EE7E21B6}.Release|Any CPU.ActiveCfg = Release|Any CPU
		{29E6A8AC-BF24-4FDD-8941-4AC0EE7E21B6}.Release|Any CPU.Build.0 = Release|Any CPU
		{02F7C533-F774-42D3-BB46-5E41879D3722}.Debug|Any CPU.ActiveCfg = Debug|Any CPU
		{02F7C533-F774-42D3-BB46-5E41879D3722}.Debug|Any CPU.Build.0 = Debug|Any CPU
		{02F7C533-F774-42D3-BB46-5E41879D3722}.Release|Any CPU.ActiveCfg = Release|Any CPU
		{02F7C533-F774-42D3-BB46-5E41879D3722}.Release|Any CPU.Build.0 = Release|Any CPU
		{8D99E8D8-C9A3-4A15-A484-0A9B10AF9E37}.Debug|Any CPU.ActiveCfg = Debug|Any CPU
		{8D99E8D8-C9A3-4A15-A484-0A9B10AF9E37}.Debug|Any CPU.Build.0 = Debug|Any CPU
		{8D99E8D8-C9A3-4A15-A484-0A9B10AF9E37}.Release|Any CPU.ActiveCfg = Release|Any CPU
		{8D99E8D8-C9A3-4A15-A484-0A9B10AF9E37}.Release|Any CPU.Build.0 = Release|Any CPU
		{747BABBC-437B-4BDF-AF1A-CFE264811AA1}.Debug|Any CPU.ActiveCfg = Debug|Any CPU
		{747BABBC-437B-4BDF-AF1A-CFE264811AA1}.Debug|Any CPU.Build.0 = Debug|Any CPU
		{747BABBC-437B-4BDF-AF1A-CFE264811AA1}.Release|Any CPU.ActiveCfg = Release|Any CPU
		{747BABBC-437B-4BDF-AF1A-CFE264811AA1}.Release|Any CPU.Build.0 = Release|Any CPU
		{4E211C4F-05FE-4227-9466-9591D3C4BD99}.Debug|Any CPU.ActiveCfg = Debug|Any CPU
		{4E211C4F-05FE-4227-9466-9591D3C4BD99}.Debug|Any CPU.Build.0 = Debug|Any CPU
		{4E211C4F-05FE-4227-9466-9591D3C4BD99}.Release|Any CPU.ActiveCfg = Release|Any CPU
		{4E211C4F-05FE-4227-9466-9591D3C4BD99}.Release|Any CPU.Build.0 = Release|Any CPU
		{944F218C-4160-4E5A-AECE-629257BA6A47}.Debug|Any CPU.ActiveCfg = Debug|Any CPU
		{944F218C-4160-4E5A-AECE-629257BA6A47}.Debug|Any CPU.Build.0 = Debug|Any CPU
		{944F218C-4160-4E5A-AECE-629257BA6A47}.Release|Any CPU.ActiveCfg = Release|Any CPU
		{944F218C-4160-4E5A-AECE-629257BA6A47}.Release|Any CPU.Build.0 = Release|Any CPU
		{C3DA3D30-5CFE-4269-B5DC-5DC4172FBE2D}.Debug|Any CPU.ActiveCfg = Debug|Any CPU
		{C3DA3D30-5CFE-4269-B5DC-5DC4172FBE2D}.Debug|Any CPU.Build.0 = Debug|Any CPU
		{C3DA3D30-5CFE-4269-B5DC-5DC4172FBE2D}.Release|Any CPU.ActiveCfg = Release|Any CPU
		{C3DA3D30-5CFE-4269-B5DC-5DC4172FBE2D}.Release|Any CPU.Build.0 = Release|Any CPU
		{9881284F-E4CB-4A43-87B5-A4923160165A}.Debug|Any CPU.ActiveCfg = Debug|Any CPU
		{9881284F-E4CB-4A43-87B5-A4923160165A}.Debug|Any CPU.Build.0 = Debug|Any CPU
		{9881284F-E4CB-4A43-87B5-A4923160165A}.Release|Any CPU.ActiveCfg = Release|Any CPU
		{9881284F-E4CB-4A43-87B5-A4923160165A}.Release|Any CPU.Build.0 = Release|Any CPU
		{C40A5669-3D1E-49A3-8AE1-6066E29FA765}.Debug|Any CPU.ActiveCfg = Debug|Any CPU
		{C40A5669-3D1E-49A3-8AE1-6066E29FA765}.Debug|Any CPU.Build.0 = Debug|Any CPU
		{C40A5669-3D1E-49A3-8AE1-6066E29FA765}.Release|Any CPU.ActiveCfg = Release|Any CPU
		{C40A5669-3D1E-49A3-8AE1-6066E29FA765}.Release|Any CPU.Build.0 = Release|Any CPU
	EndGlobalSection
	GlobalSection(NestedProjects) = preSolution
		{B4538D76-7C0C-4858-BFDE-08953E4E9C36} = {E04DCBD9-7CBB-4E45-9E3D-AE8AF68D59CE}
		{02DEEEFF-ECF0-4336-94A0-9A14A6EB29E7} = {E04DCBD9-7CBB-4E45-9E3D-AE8AF68D59CE}
		{29E6A8AC-BF24-4FDD-8941-4AC0EE7E21B6} = {E04DCBD9-7CBB-4E45-9E3D-AE8AF68D59CE}
		{02F7C533-F774-42D3-BB46-5E41879D3722} = {E04DCBD9-7CBB-4E45-9E3D-AE8AF68D59CE}
		{747BABBC-437B-4BDF-AF1A-CFE264811AA1} = {4C467E3D-0A11-4662-8A53-71D62B3E5643}
		{4E211C4F-05FE-4227-9466-9591D3C4BD99} = {4C467E3D-0A11-4662-8A53-71D62B3E5643}
		{944F218C-4160-4E5A-AECE-629257BA6A47} = {4C467E3D-0A11-4662-8A53-71D62B3E5643}
		{C3DA3D30-5CFE-4269-B5DC-5DC4172FBE2D} = {4C467E3D-0A11-4662-8A53-71D62B3E5643}
		{9881284F-E4CB-4A43-87B5-A4923160165A} = {4C467E3D-0A11-4662-8A53-71D62B3E5643}
		{C40A5669-3D1E-49A3-8AE1-6066E29FA765} = {4C467E3D-0A11-4662-8A53-71D62B3E5643}
	EndGlobalSection
EndGlobal
